
Microsoft Visual Studio Solution File, Format Version 12.00
# Visual Studio Version 16
VisualStudioVersion = 16.0.29509.3
MinimumVisualStudioVersion = 10.0.40219.1
Project("{8BC9CEB8-8B4A-11D0-8D11-00A0C91BC942}") = "Sandbox", "Sandbox\Sandbox.vcxproj", "{5B405BC1-42AA-4B9B-96EF-E0D87074E4EF}"
EndProject
Project("{8BC9CEB8-8B4A-11D0-8D11-00A0C91BC942}") = "Hlidskjalf-Engine", "Hlidskjalf-Engine\Hlidskjalf-Engine.vcxproj", "{E58BF374-27C4-4F25-997C-D85885301582}"
EndProject
Global
	GlobalSection(SolutionConfigurationPlatforms) = preSolution
		Debug|x64 = Debug|x64
		Release|x64 = Release|x64
	EndGlobalSection
	GlobalSection(ProjectConfigurationPlatforms) = postSolution
		{E58BF374-27C4-4F25-997C-D85885301582}.Debug|x64.ActiveCfg = Debug|x64
		{E58BF374-27C4-4F25-997C-D85885301582}.Debug|x64.Build.0 = Debug|x64
		{E58BF374-27C4-4F25-997C-D85885301582}.Release|x64.ActiveCfg = Release|x64
		{E58BF374-27C4-4F25-997C-D85885301582}.Release|x64.Build.0 = Release|x64
		{5B405BC1-42AA-4B9B-96EF-E0D87074E4EF}.Debug|x64.ActiveCfg = Debug|x64
		{5B405BC1-42AA-4B9B-96EF-E0D87074E4EF}.Debug|x64.Build.0 = Debug|x64
		{5B405BC1-42AA-4B9B-96EF-E0D87074E4EF}.Release|x64.ActiveCfg = Release|x64
		{5B405BC1-42AA-4B9B-96EF-E0D87074E4EF}.Release|x64.Build.0 = Release|x64
	EndGlobalSection
	GlobalSection(SolutionProperties) = preSolution
		HideSolutionNode = FALSE
	EndGlobalSection
	GlobalSection(ExtensibilityGlobals) = postSolution
		SolutionGuid = {A1804DDD-985B-4929-8DB8-2B081D0116AB}
	EndGlobalSection
EndGlobal
